<?xml version="1.0" encoding="utf-8"?>
<Project ToolsVersion="4.0" xmlns="http://schemas.microsoft.com/developer/msbuild/2003">
  <ItemGroup>
    <Filter Include="Исходные файлы">
      <UniqueIdentifier>{4FC737F1-C7A5-4376-A066-2A32D752A2FF}</UniqueIdentifier>
      <Extensions>cpp;c;cc;cxx;def;odl;idl;hpj;bat;asm;asmx</Extensions>
    </Filter>
    <Filter Include="Файлы заголовков">
      <UniqueIdentifier>{93995380-89BD-4b04-88EB-625FBE52EBFB}</UniqueIdentifier>
      <Extensions>h;hh;hpp;hxx;hm;inl;inc;xsd</Extensions>
    </Filter>
    <Filter Include="Файлы ресурсов">
      <UniqueIdentifier>{67DA6AB6-F800-4c08-8B7A-83BB121AAD01}</UniqueIdentifier>
      <Extensions>rc;ico;cur;bmp;dlg;rc2;rct;bin;rgs;gif;jpg;jpeg;jpe;resx;tiff;tif;png;wav;mfcribbon-ms</Extensions>
    </Filter>
  </ItemGroup>
  <ItemGroup>
    <ClInclude Include="stdafx.h">
      <Filter>Файлы заголовков</Filter>
    </ClInclude>
    <ClInclude Include="targetver.h">
      <Filter>Файлы заголовков</Filter>
    </ClInclude>
    <ClInclude Include="Figure_skater.h">
      <Filter>Файлы заголовков</Filter>
    </ClInclude>
    <ClInclude Include="Hockey_player.h">
      <Filter>Файлы заголовков</Filter>
    </ClInclude>
    <ClInclude Include="Biathlete.h">
      <Filter>Файлы заголовков</Filter>
    </ClInclude>
    <ClInclude Include="Russian_hockey_player.h">
      <Filter>Файлы заголовков</Filter>
    </ClInclude>
    <ClInclude Include="Russian_biathlete.h">
      <Filter>Файлы заголовков</Filter>
    </ClInclude>
    <ClInclude Include="Russian_figure_skater.h">
      <Filter>Файлы заголовков</Filter>
    </ClInclude>
    <ClInclude Include="Norway_biathlete.h">
      <Filter>Файлы заголовков</Filter>
    </ClInclude>
    <ClInclude Include="Norway_figure_skater.h">
      <Filter>Файлы заголовков</Filter>
    </ClInclude>
    <ClInclude Include="Norway_hockey_player.h">
      <Filter>Файлы заголовков</Filter>
    </ClInclude>
    <ClInclude Include="AthleteFactory.h">
      <Filter>Файлы заголовков</Filter>
    </ClInclude>
    <ClInclude Include="NorwayAthleteFactory.h">
      <Filter>Файлы заголовков</Filter>
    </ClInclude>
    <ClInclude Include="RussianAthleteFactory.h">
      <Filter>Файлы заголовков</Filter>
    </ClInclude>
    <ClInclude Include="Game.h">
      <Filter>Файлы заголовков</Filter>
    </ClInclude>
    <ClInclude Include="configure_russian_figure_skater.h">
      <Filter>Файлы заголовков</Filter>
    </ClInclude>
    <ClInclude Include="configure_norway_figure_skater.h">
      <Filter>Файлы заголовков</Filter>
    </ClInclude>
    <ClInclude Include="configure_russian_biathlete.h">
      <Filter>Файлы заголовков</Filter>
    </ClInclude>
    <ClInclude Include="configure_norway_biathlete.h">
      <Filter>Файлы заголовков</Filter>
    </ClInclude>
    <ClInclude Include="configure_russian_hockey.h">
      <Filter>Файлы заголовков</Filter>
    </ClInclude>
    <ClInclude Include="configure_norway_hockey.h">
      <Filter>Файлы заголовков</Filter>
    </ClInclude>
    <ClInclude Include="max_count_athlete.h">
      <Filter>Файлы заголовков</Filter>
    </ClInclude>
    <ClInclude Include="Decorator.h">
      <Filter>Файлы заголовков</Filter>
    </ClInclude>
    <ClInclude Include="Composite.h">
      <Filter>Файлы заголовков</Filter>
    </ClInclude>
    <ClInclude Include="Unit.h">
      <Filter>Файлы заголовков</Filter>
    </ClInclude>
    <ClInclude Include="Composite_Hockey.h">
      <Filter>Файлы заголовков</Filter>
    </ClInclude>
    <ClInclude Include="Composite_biathlete.h">
      <Filter>Файлы заголовков</Filter>
    </ClInclude>
    <ClInclude Include="Command.h">
      <Filter>Файлы заголовков</Filter>
    </ClInclude>
    <ClInclude Include="Choise_action.h">
      <Filter>Файлы заголовков</Filter>
    </ClInclude>
    <ClInclude Include="Team.h">
      <Filter>Файлы заголовков</Filter>
    </ClInclude>
    <ClInclude Include="Observer.h">
      <Filter>Файлы заголовков</Filter>
    </ClInclude>
    <ClInclude Include="correct_input.h">
      <Filter>Файлы заголовков</Filter>
    </ClInclude>
    <ClInclude Include="Sport_id.h">
      <Filter>Файлы заголовков</Filter>
    </ClInclude>
  </ItemGroup>
  <ItemGroup>
    <ClCompile Include="stdafx.cpp">
      <Filter>Исходные файлы</Filter>
    </ClCompile>
    <ClCompile Include="game4.cpp">
      <Filter>Исходные файлы</Filter>
    </ClCompile>
    <ClCompile Include="Biathlete.cpp">
      <Filter>Исходные файлы</Filter>
    </ClCompile>
    <ClCompile Include="Figure_skater.cpp">
      <Filter>Исходные файлы</Filter>
    </ClCompile>
    <ClCompile Include="Hockey_player.cpp">
      <Filter>Исходные файлы</Filter>
    </ClCompile>
    <ClCompile Include="Decorator.cpp">
      <Filter>Исходные файлы</Filter>
    </ClCompile>
    <ClCompile Include="Team.cpp">
      <Filter>Исходные файлы</Filter>
    </ClCompile>
  </ItemGroup>
</Project>